// !$*UTF8*$!
{
	archiveVersion = 1;
	classes = {
	};
	objectVersion = 56;
	objects = {

/* Begin PBXBuildFile section */
		5A4EEB0D2ABEDA97006A31F0 /* AppDelegate.swift in Sources */ = {isa = PBXBuildFile; fileRef = 5A4EEB0C2ABEDA97006A31F0 /* AppDelegate.swift */; };
		5A4EEB0F2ABEDA97006A31F0 /* SceneDelegate.swift in Sources */ = {isa = PBXBuildFile; fileRef = 5A4EEB0E2ABEDA97006A31F0 /* SceneDelegate.swift */; };
		5A5542122AC20941002793C1 /* UIViewExt.swift in Sources */ = {isa = PBXBuildFile; fileRef = 5A5542112AC20941002793C1 /* UIViewExt.swift */; };
		5A5542142AC2260C002793C1 /* Assets.xcassets in Resources */ = {isa = PBXBuildFile; fileRef = 5A5542132AC2260C002793C1 /* Assets.xcassets */; };
		5A7FE3582ABF455900F8ABCB /* CardTableViewController.swift in Sources */ = {isa = PBXBuildFile; fileRef = 5A7FE3502ABF455900F8ABCB /* CardTableViewController.swift */; };
		5A7FE3592ABF455900F8ABCB /* ReviewsTVC.swift in Sources */ = {isa = PBXBuildFile; fileRef = 5A7FE3522ABF455900F8ABCB /* ReviewsTVC.swift */; };
		5A7FE35A2ABF455900F8ABCB /* ReviewTableViewCell.xib in Resources */ = {isa = PBXBuildFile; fileRef = 5A7FE3542ABF455900F8ABCB /* ReviewTableViewCell.xib */; };
		5A7FE35B2ABF455900F8ABCB /* ReviewTableViewCell.swift in Sources */ = {isa = PBXBuildFile; fileRef = 5A7FE3552ABF455900F8ABCB /* ReviewTableViewCell.swift */; };
		5A7FE35C2ABF455900F8ABCB /* CardDetailVC.swift in Sources */ = {isa = PBXBuildFile; fileRef = 5A7FE3572ABF455900F8ABCB /* CardDetailVC.swift */; };
		5A7FE3602ABF45AF00F8ABCB /* LaunchScreen.storyboard in Resources */ = {isa = PBXBuildFile; fileRef = 5A7FE35E2ABF45AF00F8ABCB /* LaunchScreen.storyboard */; };
		5A7FE3612ABF45AF00F8ABCB /* Main.storyboard in Resources */ = {isa = PBXBuildFile; fileRef = 5A7FE35F2ABF45AF00F8ABCB /* Main.storyboard */; };
		5A7FE3642ABF45D300F8ABCB /* Card.swift in Sources */ = {isa = PBXBuildFile; fileRef = 5A7FE3622ABF45D300F8ABCB /* Card.swift */; };
		5A7FE3652ABF45D300F8ABCB /* Feedback.swift in Sources */ = {isa = PBXBuildFile; fileRef = 5A7FE3632ABF45D300F8ABCB /* Feedback.swift */; };
		5A7FE3682ABF45E600F8ABCB /* CellManager.swift in Sources */ = {isa = PBXBuildFile; fileRef = 5A7FE3662ABF45E600F8ABCB /* CellManager.swift */; };
		5A7FE3692ABF45E600F8ABCB /* CardsData.swift in Sources */ = {isa = PBXBuildFile; fileRef = 5A7FE3672ABF45E600F8ABCB /* CardsData.swift */; };
		5A96055D2AC095060084ACAE /* ReviewViewController.swift in Sources */ = {isa = PBXBuildFile; fileRef = 5A96055C2AC095060084ACAE /* ReviewViewController.swift */; };
/* End PBXBuildFile section */

/* Begin PBXFileReference section */
		5A4EEB092ABEDA97006A31F0 /* HW22.app */ = {isa = PBXFileReference; explicitFileType = wrapper.application; includeInIndex = 0; path = HW22.app; sourceTree = BUILT_PRODUCTS_DIR; };
		5A4EEB0C2ABEDA97006A31F0 /* AppDelegate.swift */ = {isa = PBXFileReference; lastKnownFileType = sourcecode.swift; path = AppDelegate.swift; sourceTree = "<group>"; };
		5A4EEB0E2ABEDA97006A31F0 /* SceneDelegate.swift */ = {isa = PBXFileReference; lastKnownFileType = sourcecode.swift; path = SceneDelegate.swift; sourceTree = "<group>"; };
		5A4EEB1A2ABEDA99006A31F0 /* Info.plist */ = {isa = PBXFileReference; lastKnownFileType = text.plist.xml; path = Info.plist; sourceTree = "<group>"; };
		5A5542112AC20941002793C1 /* UIViewExt.swift */ = {isa = PBXFileReference; lastKnownFileType = sourcecode.swift; path = UIViewExt.swift; sourceTree = "<group>"; };
		5A5542132AC2260C002793C1 /* Assets.xcassets */ = {isa = PBXFileReference; lastKnownFileType = folder.assetcatalog; path = Assets.xcassets; sourceTree = "<group>"; };
		5A7FE3502ABF455900F8ABCB /* CardTableViewController.swift */ = {isa = PBXFileReference; fileEncoding = 4; lastKnownFileType = sourcecode.swift; path = CardTableViewController.swift; sourceTree = "<group>"; };
		5A7FE3522ABF455900F8ABCB /* ReviewsTVC.swift */ = {isa = PBXFileReference; fileEncoding = 4; lastKnownFileType = sourcecode.swift; path = ReviewsTVC.swift; sourceTree = "<group>"; };
		5A7FE3542ABF455900F8ABCB /* ReviewTableViewCell.xib */ = {isa = PBXFileReference; fileEncoding = 4; lastKnownFileType = file.xib; path = ReviewTableViewCell.xib; sourceTree = "<group>"; };
		5A7FE3552ABF455900F8ABCB /* ReviewTableViewCell.swift */ = {isa = PBXFileReference; fileEncoding = 4; lastKnownFileType = sourcecode.swift; path = ReviewTableViewCell.swift; sourceTree = "<group>"; };
		5A7FE3572ABF455900F8ABCB /* CardDetailVC.swift */ = {isa = PBXFileReference; fileEncoding = 4; lastKnownFileType = sourcecode.swift; path = CardDetailVC.swift; sourceTree = "<group>"; };
		5A7FE35E2ABF45AF00F8ABCB /* LaunchScreen.storyboard */ = {isa = PBXFileReference; fileEncoding = 4; lastKnownFileType = file.storyboard; path = LaunchScreen.storyboard; sourceTree = "<group>"; };
		5A7FE35F2ABF45AF00F8ABCB /* Main.storyboard */ = {isa = PBXFileReference; fileEncoding = 4; lastKnownFileType = file.storyboard; path = Main.storyboard; sourceTree = "<group>"; };
		5A7FE3622ABF45D300F8ABCB /* Card.swift */ = {isa = PBXFileReference; fileEncoding = 4; lastKnownFileType = sourcecode.swift; path = Card.swift; sourceTree = "<group>"; };
		5A7FE3632ABF45D300F8ABCB /* Feedback.swift */ = {isa = PBXFileReference; fileEncoding = 4; lastKnownFileType = sourcecode.swift; path = Feedback.swift; sourceTree = "<group>"; };
		5A7FE3662ABF45E600F8ABCB /* CellManager.swift */ = {isa = PBXFileReference; fileEncoding = 4; lastKnownFileType = sourcecode.swift; path = CellManager.swift; sourceTree = "<group>"; };
		5A7FE3672ABF45E600F8ABCB /* CardsData.swift */ = {isa = PBXFileReference; fileEncoding = 4; lastKnownFileType = sourcecode.swift; path = CardsData.swift; sourceTree = "<group>"; };
		5A96055C2AC095060084ACAE /* ReviewViewController.swift */ = {isa = PBXFileReference; lastKnownFileType = sourcecode.swift; name = ReviewViewController.swift; path = HW22/Flows/Reviews/ReviewViewController.swift; sourceTree = SOURCE_ROOT; };
/* End PBXFileReference section */

/* Begin PBXFrameworksBuildPhase section */
		5A4EEB062ABEDA97006A31F0 /* Frameworks */ = {
			isa = PBXFrameworksBuildPhase;
			buildActionMask = 2147483647;
			files = (
			);
			runOnlyForDeploymentPostprocessing = 0;
		};
/* End PBXFrameworksBuildPhase section */

/* Begin PBXGroup section */
		5A4EEB002ABEDA97006A31F0 = {
			isa = PBXGroup;
			children = (
				5A4EEB0B2ABEDA97006A31F0 /* HW22 */,
				5A4EEB0A2ABEDA97006A31F0 /* Products */,
			);
			sourceTree = "<group>";
		};
		5A4EEB0A2ABEDA97006A31F0 /* Products */ = {
			isa = PBXGroup;
			children = (
				5A4EEB092ABEDA97006A31F0 /* HW22.app */,
			);
			name = Products;
			sourceTree = "<group>";
		};
		5A4EEB0B2ABEDA97006A31F0 /* HW22 */ = {
			isa = PBXGroup;
			children = (
				5A4EEB202ABEDACB006A31F0 /* Application */,
				5A55420E2AC1F7F8002793C1 /* Extension */,
				5A7FE35D2ABF458C00F8ABCB /* Views */,
				5A4EEB212ABEDAEA006A31F0 /* Flows */,
				5A4EEB222ABEDAFB006A31F0 /* Models */,
				5A4EEB232ABEDB81006A31F0 /* Services */,
			);
			path = HW22;
			sourceTree = "<group>";
		};
		5A4EEB202ABEDACB006A31F0 /* Application */ = {
			isa = PBXGroup;
			children = (
				5A5542132AC2260C002793C1 /* Assets.xcassets */,
				5A4EEB0C2ABEDA97006A31F0 /* AppDelegate.swift */,
				5A4EEB0E2ABEDA97006A31F0 /* SceneDelegate.swift */,
				5A4EEB1A2ABEDA99006A31F0 /* Info.plist */,
			);
			path = Application;
			sourceTree = "<group>";
		};
		5A4EEB212ABEDAEA006A31F0 /* Flows */ = {
			isa = PBXGroup;
			children = (
				5A7FE3562ABF455900F8ABCB /* Detail */,
				5A7FE34F2ABF455900F8ABCB /* Cards */,
				5A7FE3512ABF455900F8ABCB /* Reviews */,
			);
			path = Flows;
			sourceTree = "<group>";
		};
		5A4EEB222ABEDAFB006A31F0 /* Models */ = {
			isa = PBXGroup;
			children = (
				5A7FE3632ABF45D300F8ABCB /* Feedback.swift */,
				5A7FE3622ABF45D300F8ABCB /* Card.swift */,
			);
			path = Models;
			sourceTree = "<group>";
		};
		5A4EEB232ABEDB81006A31F0 /* Services */ = {
			isa = PBXGroup;
			children = (
				5A7FE3662ABF45E600F8ABCB /* CellManager.swift */,
				5A7FE3672ABF45E600F8ABCB /* CardsData.swift */,
			);
			path = Services;
			sourceTree = "<group>";
		};
		5A55420E2AC1F7F8002793C1 /* Extension */ = {
			isa = PBXGroup;
			children = (
				5A5542112AC20941002793C1 /* UIViewExt.swift */,
			);
			path = Extension;
			sourceTree = "<group>";
		};
		5A7FE34F2ABF455900F8ABCB /* Cards */ = {
			isa = PBXGroup;
			children = (
				5A7FE3502ABF455900F8ABCB /* CardTableViewController.swift */,
			);
			path = Cards;
			sourceTree = "<group>";
		};
		5A7FE3512ABF455900F8ABCB /* Reviews */ = {
			isa = PBXGroup;
			children = (
				5A7FE3522ABF455900F8ABCB /* ReviewsTVC.swift */,
				5A96055C2AC095060084ACAE /* ReviewViewController.swift */,
				5A7FE3532ABF455900F8ABCB /* Cell */,
			);
			path = Reviews;
			sourceTree = "<group>";
		};
		5A7FE3532ABF455900F8ABCB /* Cell */ = {
			isa = PBXGroup;
			children = (
				5A7FE3542ABF455900F8ABCB /* ReviewTableViewCell.xib */,
				5A7FE3552ABF455900F8ABCB /* ReviewTableViewCell.swift */,
			);
			path = Cell;
			sourceTree = "<group>";
		};
		5A7FE3562ABF455900F8ABCB /* Detail */ = {
			isa = PBXGroup;
			children = (
				5A7FE3572ABF455900F8ABCB /* CardDetailVC.swift */,
			);
			path = Detail;
			sourceTree = "<group>";
		};
		5A7FE35D2ABF458C00F8ABCB /* Views */ = {
			isa = PBXGroup;
			children = (
				5A7FE35E2ABF45AF00F8ABCB /* LaunchScreen.storyboard */,
				5A7FE35F2ABF45AF00F8ABCB /* Main.storyboard */,
			);
			path = Views;
			sourceTree = "<group>";
		};
/* End PBXGroup section */

/* Begin PBXNativeTarget section */
		5A4EEB082ABEDA97006A31F0 /* HW22 */ = {
			isa = PBXNativeTarget;
			buildConfigurationList = 5A4EEB1D2ABEDA99006A31F0 /* Build configuration list for PBXNativeTarget "HW22" */;
			buildPhases = (
				5A4EEB052ABEDA97006A31F0 /* Sources */,
				5A4EEB062ABEDA97006A31F0 /* Frameworks */,
				5A4EEB072ABEDA97006A31F0 /* Resources */,
			);
			buildRules = (
			);
			dependencies = (
			);
			name = HW22;
			productName = HW22;
			productReference = 5A4EEB092ABEDA97006A31F0 /* HW22.app */;
			productType = "com.apple.product-type.application";
		};
/* End PBXNativeTarget section */

/* Begin PBXProject section */
		5A4EEB012ABEDA97006A31F0 /* Project object */ = {
			isa = PBXProject;
			attributes = {
				BuildIndependentTargetsInParallel = 1;
				LastSwiftUpdateCheck = 1430;
				LastUpgradeCheck = 1500;
				TargetAttributes = {
					5A4EEB082ABEDA97006A31F0 = {
						CreatedOnToolsVersion = 14.3.1;
					};
				};
			};
			buildConfigurationList = 5A4EEB042ABEDA97006A31F0 /* Build configuration list for PBXProject "HW22" */;
			compatibilityVersion = "Xcode 14.0";
			developmentRegion = en;
			hasScannedForEncodings = 0;
			knownRegions = (
				en,
				Base,
			);
			mainGroup = 5A4EEB002ABEDA97006A31F0;
			productRefGroup = 5A4EEB0A2ABEDA97006A31F0 /* Products */;
			projectDirPath = "";
			projectRoot = "";
			targets = (
				5A4EEB082ABEDA97006A31F0 /* HW22 */,
			);
		};
/* End PBXProject section */

/* Begin PBXResourcesBuildPhase section */
		5A4EEB072ABEDA97006A31F0 /* Resources */ = {
			isa = PBXResourcesBuildPhase;
			buildActionMask = 2147483647;
			files = (
				5A7FE35A2ABF455900F8ABCB /* ReviewTableViewCell.xib in Resources */,
				5A7FE3612ABF45AF00F8ABCB /* Main.storyboard in Resources */,
				5A5542142AC2260C002793C1 /* Assets.xcassets in Resources */,
				5A7FE3602ABF45AF00F8ABCB /* LaunchScreen.storyboard in Resources */,
			);
			runOnlyForDeploymentPostprocessing = 0;
		};
/* End PBXResourcesBuildPhase section */

/* Begin PBXSourcesBuildPhase section */
		5A4EEB052ABEDA97006A31F0 /* Sources */ = {
			isa = PBXSourcesBuildPhase;
			buildActionMask = 2147483647;
			files = (
				5A96055D2AC095060084ACAE /* ReviewViewController.swift in Sources */,
				5A7FE3692ABF45E600F8ABCB /* CardsData.swift in Sources */,
				5A4EEB0D2ABEDA97006A31F0 /* AppDelegate.swift in Sources */,
				5A5542122AC20941002793C1 /* UIViewExt.swift in Sources */,
				5A7FE3682ABF45E600F8ABCB /* CellManager.swift in Sources */,
				5A7FE3592ABF455900F8ABCB /* ReviewsTVC.swift in Sources */,
				5A7FE3642ABF45D300F8ABCB /* Card.swift in Sources */,
				5A7FE35C2ABF455900F8ABCB /* CardDetailVC.swift in Sources */,
				5A7FE35B2ABF455900F8ABCB /* ReviewTableViewCell.swift in Sources */,
				5A7FE3582ABF455900F8ABCB /* CardTableViewController.swift in Sources */,
				5A7FE3652ABF45D300F8ABCB /* Feedback.swift in Sources */,
				5A4EEB0F2ABEDA97006A31F0 /* SceneDelegate.swift in Sources */,
			);
			runOnlyForDeploymentPostprocessing = 0;
		};
/* End PBXSourcesBuildPhase section */

/* Begin XCBuildConfiguration section */
		5A4EEB1B2ABEDA99006A31F0 /* Debug */ = {
			isa = XCBuildConfiguration;
			buildSettings = {
				ALWAYS_SEARCH_USER_PATHS = NO;
				ASSETCATALOG_COMPILER_GENERATE_SWIFT_ASSET_SYMBOL_EXTENSIONS = YES;
				CLANG_ANALYZER_NONNULL = YES;
				CLANG_ANALYZER_NUMBER_OBJECT_CONVERSION = YES_AGGRESSIVE;
				CLANG_CXX_LANGUAGE_STANDARD = "gnu++20";
				CLANG_ENABLE_MODULES = YES;
				CLANG_ENABLE_OBJC_ARC = YES;
				CLANG_ENABLE_OBJC_WEAK = YES;
				CLANG_WARN_BLOCK_CAPTURE_AUTORELEASING = YES;
				CLANG_WARN_BOOL_CONVERSION = YES;
				CLANG_WARN_COMMA = YES;
				CLANG_WARN_CONSTANT_CONVERSION = YES;
				CLANG_WARN_DEPRECATED_OBJC_IMPLEMENTATIONS = YES;
				CLANG_WARN_DIRECT_OBJC_ISA_USAGE = YES_ERROR;
				CLANG_WARN_DOCUMENTATION_COMMENTS = YES;
				CLANG_WARN_EMPTY_BODY = YES;
				CLANG_WARN_ENUM_CONVERSION = YES;
				CLANG_WARN_INFINITE_RECURSION = YES;
				CLANG_WARN_INT_CONVERSION = YES;
				CLANG_WARN_NON_LITERAL_NULL_CONVERSION = YES;
				CLANG_WARN_OBJC_IMPLICIT_RETAIN_SELF = YES;
				CLANG_WARN_OBJC_LITERAL_CONVERSION = YES;
				CLANG_WARN_OBJC_ROOT_CLASS = YES_ERROR;
				CLANG_WARN_QUOTED_INCLUDE_IN_FRAMEWORK_HEADER = YES;
				CLANG_WARN_RANGE_LOOP_ANALYSIS = YES;
				CLANG_WARN_STRICT_PROTOTYPES = YES;
				CLANG_WARN_SUSPICIOUS_MOVE = YES;
				CLANG_WARN_UNGUARDED_AVAILABILITY = YES_AGGRESSIVE;
				CLANG_WARN_UNREACHABLE_CODE = YES;
				CLANG_WARN__DUPLICATE_METHOD_MATCH = YES;
				COPY_PHASE_STRIP = NO;
				DEBUG_INFORMATION_FORMAT = dwarf;
				ENABLE_STRICT_OBJC_MSGSEND = YES;
				ENABLE_TESTABILITY = YES;
				ENABLE_USER_SCRIPT_SANDBOXING = YES;
				GCC_C_LANGUAGE_STANDARD = gnu11;
				GCC_DYNAMIC_NO_PIC = NO;
				GCC_NO_COMMON_BLOCKS = YES;
				GCC_OPTIMIZATION_LEVEL = 0;
				GCC_PREPROCESSOR_DEFINITIONS = (
					"DEBUG=1",
					"$(inherited)",
				);
				GCC_WARN_64_TO_32_BIT_CONVERSION = YES;
				GCC_WARN_ABOUT_RETURN_TYPE = YES_ERROR;
				GCC_WARN_UNDECLARED_SELECTOR = YES;
				GCC_WARN_UNINITIALIZED_AUTOS = YES_AGGRESSIVE;
				GCC_WARN_UNUSED_FUNCTION = YES;
				GCC_WARN_UNUSED_VARIABLE = YES;
				IPHONEOS_DEPLOYMENT_TARGET = 16.4;
				MTL_ENABLE_DEBUG_INFO = INCLUDE_SOURCE;
				MTL_FAST_MATH = YES;
				ONLY_ACTIVE_ARCH = YES;
				SDKROOT = iphoneos;
				SWIFT_ACTIVE_COMPILATION_CONDITIONS = DEBUG;
				SWIFT_OPTIMIZATION_LEVEL = "-Onone";
			};
			name = Debug;
		};
		5A4EEB1C2ABEDA99006A31F0 /* Release */ = {
			isa = XCBuildConfiguration;
			buildSettings = {
				ALWAYS_SEARCH_USER_PATHS = NO;
				ASSETCATALOG_COMPILER_GENERATE_SWIFT_ASSET_SYMBOL_EXTENSIONS = YES;
				CLANG_ANALYZER_NONNULL = YES;
				CLANG_ANALYZER_NUMBER_OBJECT_CONVERSION = YES_AGGRESSIVE;
				CLANG_CXX_LANGUAGE_STANDARD = "gnu++20";
				CLANG_ENABLE_MODULES = YES;
				CLANG_ENABLE_OBJC_ARC = YES;
				CLANG_ENABLE_OBJC_WEAK = YES;
				CLANG_WARN_BLOCK_CAPTURE_AUTORELEASING = YES;
				CLANG_WARN_BOOL_CONVERSION = YES;
				CLANG_WARN_COMMA = YES;
				CLANG_WARN_CONSTANT_CONVERSION = YES;
				CLANG_WARN_DEPRECATED_OBJC_IMPLEMENTATIONS = YES;
				CLANG_WARN_DIRECT_OBJC_ISA_USAGE = YES_ERROR;
				CLANG_WARN_DOCUMENTATION_COMMENTS = YES;
				CLANG_WARN_EMPTY_BODY = YES;
				CLANG_WARN_ENUM_CONVERSION = YES;
				CLANG_WARN_INFINITE_RECURSION = YES;
				CLANG_WARN_INT_CONVERSION = YES;
				CLANG_WARN_NON_LITERAL_NULL_CONVERSION = YES;
				CLANG_WARN_OBJC_IMPLICIT_RETAIN_SELF = YES;
				CLANG_WARN_OBJC_LITERAL_CONVERSION = YES;
				CLANG_WARN_OBJC_ROOT_CLASS = YES_ERROR;
				CLANG_WARN_QUOTED_INCLUDE_IN_FRAMEWORK_HEADER = YES;
				CLANG_WARN_RANGE_LOOP_ANALYSIS = YES;
				CLANG_WARN_STRICT_PROTOTYPES = YES;
				CLANG_WARN_SUSPICIOUS_MOVE = YES;
				CLANG_WARN_UNGUARDED_AVAILABILITY = YES_AGGRESSIVE;
				CLANG_WARN_UNREACHABLE_CODE = YES;
				CLANG_WARN__DUPLICATE_METHOD_MATCH = YES;
				COPY_PHASE_STRIP = NO;
				DEBUG_INFORMATION_FORMAT = "dwarf-with-dsym";
				ENABLE_NS_ASSERTIONS = NO;
				ENABLE_STRICT_OBJC_MSGSEND = YES;
				ENABLE_USER_SCRIPT_SANDBOXING = YES;
				GCC_C_LANGUAGE_STANDARD = gnu11;
				GCC_NO_COMMON_BLOCKS = YES;
				GCC_WARN_64_TO_32_BIT_CONVERSION = YES;
				GCC_WARN_ABOUT_RETURN_TYPE = YES_ERROR;
				GCC_WARN_UNDECLARED_SELECTOR = YES;
				GCC_WARN_UNINITIALIZED_AUTOS = YES_AGGRESSIVE;
				GCC_WARN_UNUSED_FUNCTION = YES;
				GCC_WARN_UNUSED_VARIABLE = YES;
				IPHONEOS_DEPLOYMENT_TARGET = 16.4;
				MTL_ENABLE_DEBUG_INFO = NO;
				MTL_FAST_MATH = YES;
				SDKROOT = iphoneos;
				SWIFT_COMPILATION_MODE = wholemodule;
				SWIFT_OPTIMIZATION_LEVEL = "-O";
				VALIDATE_PRODUCT = YES;
			};
			name = Release;
		};
		5A4EEB1E2ABEDA99006A31F0 /* Debug */ = {
			isa = XCBuildConfiguration;
			buildSettings = {
				ASSETCATALOG_COMPILER_APPICON_NAME = AppIcon;
				ASSETCATALOG_COMPILER_GLOBAL_ACCENT_COLOR_NAME = AccentColor;
				CODE_SIGN_STYLE = Automatic;
				CURRENT_PROJECT_VERSION = 1;
				DEVELOPMENT_TEAM = W2HCKKQTYD;
				GENERATE_INFOPLIST_FILE = YES;
				INFOPLIST_FILE = HW22/Application/Info.plist;
				INFOPLIST_KEY_CFBundleDisplayName = "Baseball Cards";
				INFOPLIST_KEY_UIApplicationSupportsIndirectInputEvents = YES;
				INFOPLIST_KEY_UILaunchStoryboardName = LaunchScreen;
				INFOPLIST_KEY_UIMainStoryboardFile = Main;
				INFOPLIST_KEY_UISupportedInterfaceOrientations_iPad = "UIInterfaceOrientationPortrait UIInterfaceOrientationPortraitUpsideDown UIInterfaceOrientationLandscapeLeft UIInterfaceOrientationLandscapeRight";
				INFOPLIST_KEY_UISupportedInterfaceOrientations_iPhone = "UIInterfaceOrientationPortrait UIInterfaceOrientationLandscapeLeft UIInterfaceOrientationLandscapeRight";
				LD_RUNPATH_SEARCH_PATHS = (
					"$(inherited)",
					"@executable_path/Frameworks",
				);
				MARKETING_VERSION = 1.0;
				PRODUCT_BUNDLE_IDENTIFIER = "by.tms.ios-cours-homework.HW22";
				PRODUCT_NAME = "$(TARGET_NAME)";
				SWIFT_EMIT_LOC_STRINGS = YES;
				SWIFT_VERSION = 5.0;
				TARGETED_DEVICE_FAMILY = "1,2";
			};
			name = Debug;
		};
		5A4EEB1F2ABEDA99006A31F0 /* Release */ = {
			isa = XCBuildConfiguration;
			buildSettings = {
				ASSETCATALOG_COMPILER_APPICON_NAME = AppIcon;
				ASSETCATALOG_COMPILER_GLOBAL_ACCENT_COLOR_NAME = AccentColor;
				CODE_SIGN_STYLE = Automatic;
				CURRENT_PROJECT_VERSION = 1;
				DEVELOPMENT_TEAM = W2HCKKQTYD;
				GENERATE_INFOPLIST_FILE = YES;
				INFOPLIST_FILE = HW22/Application/Info.plist;
				INFOPLIST_KEY_CFBundleDisplayName = "Baseball Cards";
				INFOPLIST_KEY_UIApplicationSupportsIndirectInputEvents = YES;
				INFOPLIST_KEY_UILaunchStoryboardName = LaunchScreen;
				INFOPLIST_KEY_UIMainStoryboardFile = Main;
				INFOPLIST_KEY_UISupportedInterfaceOrientations_iPad = "UIInterfaceOrientationPortrait UIInterfaceOrientationPortraitUpsideDown UIInterfaceOrientationLandscapeLeft UIInterfaceOrientationLandscapeRight";
				INFOPLIST_KEY_UISupportedInterfaceOrientations_iPhone = "UIInterfaceOrientationPortrait UIInterfaceOrientationLandscapeLeft UIInterfaceOrientationLandscapeRight";
				LD_RUNPATH_SEARCH_PATHS = (
					"$(inherited)",
					"@executable_path/Frameworks",
				);
				MARKETING_VERSION = 1.0;
				PRODUCT_BUNDLE_IDENTIFIER = "by.tms.ios-cours-homework.HW22";
				PRODUCT_NAME = "$(TARGET_NAME)";
				SWIFT_EMIT_LOC_STRINGS = YES;
				SWIFT_VERSION = 5.0;
				TARGETED_DEVICE_FAMILY = "1,2";
			};
			name = Release;
		};
/* End XCBuildConfiguration section */

/* Begin XCConfigurationList section */
		5A4EEB042ABEDA97006A31F0 /* Build configuration list for PBXProject "HW22" */ = {
			isa = XCConfigurationList;
			buildConfigurations = (
				5A4EEB1B2ABEDA99006A31F0 /* Debug */,
				5A4EEB1C2ABEDA99006A31F0 /* Release */,
			);
			defaultConfigurationIsVisible = 0;
			defaultConfigurationName = Release;
		};
		5A4EEB1D2ABEDA99006A31F0 /* Build configuration list for PBXNativeTarget "HW22" */ = {
			isa = XCConfigurationList;
			buildConfigurations = (
				5A4EEB1E2ABEDA99006A31F0 /* Debug */,
				5A4EEB1F2ABEDA99006A31F0 /* Release */,
			);
			defaultConfigurationIsVisible = 0;
			defaultConfigurationName = Release;
		};
/* End XCConfigurationList section */
	};
	rootObject = 5A4EEB012ABEDA97006A31F0 /* Project object */;
}
